
Microsoft Visual Studio Solution File, Format Version 12.00
# Visual Studio 15
VisualStudioVersion = 15.0.27130.2003
MinimumVisualStudioVersion = 10.0.40219.1
Project("{FAE04EC0-301F-11D3-BF4B-00C04F79EFBC}") = "UI", "UI.csproj", "{EFC5C50E-C19D-412C-A157-3D563AB6B06B}"
EndProject
Project("{FAE04EC0-301F-11D3-BF4B-00C04F79EFBC}") = "QuickSort", "..\SortAlgo\QuickSort.csproj", "{624403B8-0EB6-44C0-9986-E9564BDF9F1F}"
EndProject
Global
	GlobalSection(SolutionConfigurationPlatforms) = preSolution
		Debug|Any CPU = Debug|Any CPU
		Release|Any CPU = Release|Any CPU
	EndGlobalSection
	GlobalSection(ProjectConfigurationPlatforms) = postSolution
		{EFC5C50E-C19D-412C-A157-3D563AB6B06B}.Debug|Any CPU.ActiveCfg = Debug|Any CPU
		{EFC5C50E-C19D-412C-A157-3D563AB6B06B}.Debug|Any CPU.Build.0 = Debug|Any CPU
		{EFC5C50E-C19D-412C-A157-3D563AB6B06B}.Release|Any CPU.ActiveCfg = Release|Any CPU
		{EFC5C50E-C19D-412C-A157-3D563AB6B06B}.Release|Any CPU.Build.0 = Release|Any CPU
		{624403B8-0EB6-44C0-9986-E9564BDF9F1F}.Debug|Any CPU.ActiveCfg = Debug|Any CPU
		{624403B8-0EB6-44C0-9986-E9564BDF9F1F}.Debug|Any CPU.Build.0 = Debug|Any CPU
		{624403B8-0EB6-44C0-9986-E9564BDF9F1F}.Release|Any CPU.ActiveCfg = Release|Any CPU
		{624403B8-0EB6-44C0-9986-E9564BDF9F1F}.Release|Any CPU.Build.0 = Release|Any CPU
	EndGlobalSection
	GlobalSection(SolutionProperties) = preSolution
		HideSolutionNode = FALSE
	EndGlobalSection
	GlobalSection(ExtensibilityGlobals) = postSolution
		SolutionGuid = {FC83FCE3-9CA3-48A2-81C7-C99C33A3C59A}
	EndGlobalSection
EndGlobal
