
Microsoft Visual Studio Solution File, Format Version 12.00
# Visual Studio 15
VisualStudioVersion = 15.0.27004.2005
MinimumVisualStudioVersion = 10.0.40219.1
Project("{FAE04EC0-301F-11D3-BF4B-00C04F79EFBC}") = "InstrumentationEx1", "InstrumentationEx1.csproj", "{735C9C6F-AC79-48DA-9383-BC1E200ADD34}"
EndProject
Global
	GlobalSection(SolutionConfigurationPlatforms) = preSolution
		Debug|Any CPU = Debug|Any CPU
		Release|Any CPU = Release|Any CPU
	EndGlobalSection
	GlobalSection(ProjectConfigurationPlatforms) = postSolution
		{735C9C6F-AC79-48DA-9383-BC1E200ADD34}.Debug|Any CPU.ActiveCfg = Debug|Any CPU
		{735C9C6F-AC79-48DA-9383-BC1E200ADD34}.Debug|Any CPU.Build.0 = Debug|Any CPU
		{735C9C6F-AC79-48DA-9383-BC1E200ADD34}.Release|Any CPU.ActiveCfg = Release|Any CPU
		{735C9C6F-AC79-48DA-9383-BC1E200ADD34}.Release|Any CPU.Build.0 = Release|Any CPU
	EndGlobalSection
	GlobalSection(SolutionProperties) = preSolution
		HideSolutionNode = FALSE
	EndGlobalSection
	GlobalSection(ExtensibilityGlobals) = postSolution
		SolutionGuid = {EA54ADEB-1925-43A0-B803-87801B853FAB}
	EndGlobalSection
EndGlobal
