
Microsoft Visual Studio Solution File, Format Version 12.00
# Visual Studio 15
VisualStudioVersion = 15.0.27004.2005
MinimumVisualStudioVersion = 10.0.40219.1
Project("{FAE04EC0-301F-11D3-BF4B-00C04F79EFBC}") = "PerformanceCounterDemo", "PerformanceCounterDemo.csproj", "{3D372C47-F4E4-478B-8ACC-EB8B6F102D9C}"
EndProject
Global
	GlobalSection(SolutionConfigurationPlatforms) = preSolution
		Debug|Any CPU = Debug|Any CPU
		Release|Any CPU = Release|Any CPU
	EndGlobalSection
	GlobalSection(ProjectConfigurationPlatforms) = postSolution
		{3D372C47-F4E4-478B-8ACC-EB8B6F102D9C}.Debug|Any CPU.ActiveCfg = Debug|Any CPU
		{3D372C47-F4E4-478B-8ACC-EB8B6F102D9C}.Debug|Any CPU.Build.0 = Debug|Any CPU
		{3D372C47-F4E4-478B-8ACC-EB8B6F102D9C}.Release|Any CPU.ActiveCfg = Release|Any CPU
		{3D372C47-F4E4-478B-8ACC-EB8B6F102D9C}.Release|Any CPU.Build.0 = Release|Any CPU
	EndGlobalSection
	GlobalSection(SolutionProperties) = preSolution
		HideSolutionNode = FALSE
	EndGlobalSection
	GlobalSection(ExtensibilityGlobals) = postSolution
		SolutionGuid = {37474C76-4A94-44A6-A97E-15CC7308344D}
	EndGlobalSection
EndGlobal
